<?xml version="1.0" encoding="utf-8"?>
<Project ToolsVersion="4.0" xmlns="http://schemas.microsoft.com/developer/msbuild/2003">
  <ItemGroup>
    <Filter Include="Camera">
      <UniqueIdentifier>{CE7141AB-BA13-6C81-A3CE-7FD58F0FF3D1}</UniqueIdentifier>
    </Filter>
    <Filter Include="Core">
      <UniqueIdentifier>{2EB4837C-1AEB-840D-C3D7-6A10AFED000F}</UniqueIdentifier>
    </Filter>
    <Filter Include="Event">
      <UniqueIdentifier>{E70B220D-5320-4ABE-1CA2-ED1D887546EF}</UniqueIdentifier>
    </Filter>
    <Filter Include="Extra">
      <UniqueIdentifier>{E964230D-5579-4BBE-1EFB-EE1D8ACE47EF}</UniqueIdentifier>
    </Filter>
    <Filter Include="Geometry">
      <UniqueIdentifier>{31B8896B-1D85-E476-469E-D21E32CA1905}</UniqueIdentifier>
    </Filter>
    <Filter Include="Geometry\MeshGenerator">
      <UniqueIdentifier>{14F00D28-00EA-367A-E956-CD8AD5EF9CE6}</UniqueIdentifier>
    </Filter>
    <Filter Include="Glew">
      <UniqueIdentifier>{54D7857C-400E-870D-E9FA-6C10D510030F}</UniqueIdentifier>
    </Filter>
    <Filter Include="Log">
      <UniqueIdentifier>{E704880B-530E-887C-DC89-9E7C4892937C}</UniqueIdentifier>
    </Filter>
    <Filter Include="Render">
      <UniqueIdentifier>{C5BB87CE-B15D-B2A4-9A18-C6F8865939F5}</UniqueIdentifier>
    </Filter>
    <Filter Include="Render\Material">
      <UniqueIdentifier>{03F8FC9D-6F83-6A62-7894-ED56E49EC662}</UniqueIdentifier>
    </Filter>
    <Filter Include="Render\Material\Textures">
      <UniqueIdentifier>{367DC0C9-22A2-0F4A-4BED-F4D937710E68}</UniqueIdentifier>
    </Filter>
    <Filter Include="Render\Platform">
      <UniqueIdentifier>{B9053A86-2591-A74A-2EA2-2A3F9AAC034B}</UniqueIdentifier>
    </Filter>
    <Filter Include="Render\Platform\OpenGL">
      <UniqueIdentifier>{CDE411E8-B9DE-3A3A-A24B-D14A8EE4A0A6}</UniqueIdentifier>
    </Filter>
    <Filter Include="Render\Platform\OpenGL\GLBuffers">
      <UniqueIdentifier>{5CE2D96E-4833-C5B0-7197-B3725D47581A}</UniqueIdentifier>
    </Filter>
    <Filter Include="Render\RenderPool">
      <UniqueIdentifier>{CEF90203-3A10-0199-8387-8CBAEFDCD120}</UniqueIdentifier>
    </Filter>
    <Filter Include="Timer">
      <UniqueIdentifier>{667B2A0E-D28F-52BF-9B11-F61E07E54EF0}</UniqueIdentifier>
    </Filter>
    <Filter Include="UI">
      <UniqueIdentifier>{83755900-6F01-880B-D8AF-880BC45A880B}</UniqueIdentifier>
    </Filter>
    <Filter Include="UI\Elements">
      <UniqueIdentifier>{2FD6E4D7-9B8B-5DCD-2480-57A4903454D1}</UniqueIdentifier>
    </Filter>
    <Filter Include="VecMath">
      <UniqueIdentifier>{CD6C94D2-394C-136E-4264-9E44AEC279CF}</UniqueIdentifier>
    </Filter>
    <Filter Include="VecMath\Matrix">
      <UniqueIdentifier>{D19B4577-BD69-397D-A6FD-A9A3926A15E2}</UniqueIdentifier>
    </Filter>
    <Filter Include="VecMath\Matrix\General">
      <UniqueIdentifier>{BEAE5E0B-AAA8-875D-9315-1E6E7FAEEDC9}</UniqueIdentifier>
    </Filter>
    <Filter Include="VecMath\Transform">
      <UniqueIdentifier>{D8682263-447F-20F9-8DF6-AB1AF94BF180}</UniqueIdentifier>
    </Filter>
    <Filter Include="VecMath\Vector">
      <UniqueIdentifier>{4F22838C-3BF0-7692-2484-E7B810F152F7}</UniqueIdentifier>
    </Filter>
    <Filter Include="Window">
      <UniqueIdentifier>{3DEA79DA-298C-A4B0-1247-B804FE872B01}</UniqueIdentifier>
    </Filter>
  </ItemGroup>
  <ItemGroup>
    <ClInclude Include="..\Hydrogen.h" />
    <ClInclude Include="Camera\Camera.h">
      <Filter>Camera</Filter>
    </ClInclude>
    <ClInclude Include="Common.h" />
    <ClInclude Include="Core\Base.h">
      <Filter>Core</Filter>
    </ClInclude>
    <ClInclude Include="Core\Core.h">
      <Filter>Core</Filter>
    </ClInclude>
    <ClInclude Include="Core\Layer.h">
      <Filter>Core</Filter>
    </ClInclude>
    <ClInclude Include="Core\Memory.h">
      <Filter>Core</Filter>
    </ClInclude>
    <ClInclude Include="Core\ResourcePool.h">
      <Filter>Core</Filter>
    </ClInclude>
    <ClInclude Include="Core\Scene.h">
      <Filter>Core</Filter>
    </ClInclude>
    <ClInclude Include="Core\World.h">
      <Filter>Core</Filter>
    </ClInclude>
    <ClInclude Include="Event\Keyboard.h">
      <Filter>Event</Filter>
    </ClInclude>
    <ClInclude Include="Event\Mouse.h">
      <Filter>Event</Filter>
    </ClInclude>
    <ClInclude Include="Extra\LinkedList.h">
      <Filter>Extra</Filter>
    </ClInclude>
    <ClInclude Include="Geometry\Mesh.h">
      <Filter>Geometry</Filter>
    </ClInclude>
    <ClInclude Include="Geometry\MeshGenerator\MeshGenerator.h">
      <Filter>Geometry\MeshGenerator</Filter>
    </ClInclude>
    <ClInclude Include="Geometry\Primitive.h">
      <Filter>Geometry</Filter>
    </ClInclude>
    <ClInclude Include="Glew\eglew.h">
      <Filter>Glew</Filter>
    </ClInclude>
    <ClInclude Include="Glew\glew.h">
      <Filter>Glew</Filter>
    </ClInclude>
    <ClInclude Include="Glew\glxew.h">
      <Filter>Glew</Filter>
    </ClInclude>
    <ClInclude Include="Glew\wglew.h">
      <Filter>Glew</Filter>
    </ClInclude>
    <ClInclude Include="HydPch.h" />
    <ClInclude Include="Log\Log.h">
      <Filter>Log</Filter>
    </ClInclude>
    <ClInclude Include="Render\Material\Image.h">
      <Filter>Render\Material</Filter>
    </ClInclude>
    <ClInclude Include="Render\Material\Material.h">
      <Filter>Render\Material</Filter>
    </ClInclude>
    <ClInclude Include="Render\Platform\OpenGL\GLShader.h">
      <Filter>Render\Platform\OpenGL</Filter>
    </ClInclude>
    <ClInclude Include="Render\Platform\OpenGL\GLTextures.h">
      <Filter>Render\Platform\OpenGL</Filter>
    </ClInclude>
    <ClInclude Include="Render\Platform\OpenGL\GLVertexArray.h">
      <Filter>Render\Platform\OpenGL</Filter>
    </ClInclude>
    <ClInclude Include="Render\Renderer.h">
      <Filter>Render</Filter>
    </ClInclude>
    <ClInclude Include="Timer\Timer.h">
      <Filter>Timer</Filter>
    </ClInclude>
    <ClInclude Include="UI\Elements\Button.h">
      <Filter>UI\Elements</Filter>
    </ClInclude>
    <ClInclude Include="UI\Elements\CheckBox.h">
      <Filter>UI\Elements</Filter>
    </ClInclude>
    <ClInclude Include="UI\Elements\ComboBox.h">
      <Filter>UI\Elements</Filter>
    </ClInclude>
    <ClInclude Include="UI\Elements\Element.h">
      <Filter>UI\Elements</Filter>
    </ClInclude>
    <ClInclude Include="UI\Elements\InputF.h">
      <Filter>UI\Elements</Filter>
    </ClInclude>
    <ClInclude Include="UI\Elements\SliderF.h">
      <Filter>UI\Elements</Filter>
    </ClInclude>
    <ClInclude Include="UI\Elements\Text.h">
      <Filter>UI\Elements</Filter>
    </ClInclude>
    <ClInclude Include="UI\GuiWindow.h">
      <Filter>UI</Filter>
    </ClInclude>
    <ClInclude Include="UI\UICore.h">
      <Filter>UI</Filter>
    </ClInclude>
    <ClInclude Include="VecMath\Math.h">
      <Filter>VecMath</Filter>
    </ClInclude>
    <ClInclude Include="VecMath\Matrix\General\Mat2.h">
      <Filter>VecMath\Matrix\General</Filter>
    </ClInclude>
    <ClInclude Include="VecMath\Matrix\General\Mat3.h">
      <Filter>VecMath\Matrix\General</Filter>
    </ClInclude>
    <ClInclude Include="VecMath\Matrix\General\Mat4.h">
      <Filter>VecMath\Matrix\General</Filter>
    </ClInclude>
    <ClInclude Include="VecMath\Matrix\General\UniMat.h">
      <Filter>VecMath\Matrix\General</Filter>
    </ClInclude>
    <ClInclude Include="VecMath\Matrix\MatDef.h">
      <Filter>VecMath\Matrix</Filter>
    </ClInclude>
    <ClInclude Include="VecMath\Quaternion.h">
      <Filter>VecMath</Filter>
    </ClInclude>
    <ClInclude Include="VecMath\Transform\Rotate.h">
      <Filter>VecMath\Transform</Filter>
    </ClInclude>
    <ClInclude Include="VecMath\Transform\Scale.h">
      <Filter>VecMath\Transform</Filter>
    </ClInclude>
    <ClInclude Include="VecMath\Transform\Transformation.h">
      <Filter>VecMath\Transform</Filter>
    </ClInclude>
    <ClInclude Include="VecMath\Transform\Translate.h">
      <Filter>VecMath\Transform</Filter>
    </ClInclude>
    <ClInclude Include="VecMath\Vector\UniVec.h">
      <Filter>VecMath\Vector</Filter>
    </ClInclude>
    <ClInclude Include="VecMath\Vector\Vectors.h">
      <Filter>VecMath\Vector</Filter>
    </ClInclude>
    <ClInclude Include="Window\Window.h">
      <Filter>Window</Filter>
    </ClInclude>
    <ClInclude Include="Render\VertexBuffer.h" />
    <ClInclude Include="Render\ElementBuffer.h" />
    <ClInclude Include="Render\Platform\OpenGL\GLVertexBuffer.h">
      <Filter>Render\Platform\OpenGL\GLBuffers</Filter>
    </ClInclude>
    <ClInclude Include="Render\Platform\OpenGL\GLElementBuffer.h">
      <Filter>Render\Platform\OpenGL\GLBuffers</Filter>
    </ClInclude>
    <ClInclude Include="Render\VertexArray.h" />
    <ClInclude Include="Render\ShaderPool.h">
      <Filter>Render\RenderPool</Filter>
    </ClInclude>
    <ClInclude Include="Render\Material\Texture.h">
      <Filter>Render\Material\Textures</Filter>
    </ClInclude>
  </ItemGroup>
  <ItemGroup>
    <ClCompile Include="Camera\Camera.cpp">
      <Filter>Camera</Filter>
    </ClCompile>
    <ClCompile Include="Core\Core.cpp">
      <Filter>Core</Filter>
    </ClCompile>
    <ClCompile Include="Core\Layer.cpp">
      <Filter>Core</Filter>
    </ClCompile>
    <ClCompile Include="Core\Memory.cpp">
      <Filter>Core</Filter>
    </ClCompile>
    <ClCompile Include="Core\Scene.cpp">
      <Filter>Core</Filter>
    </ClCompile>
    <ClCompile Include="Core\World.cpp">
      <Filter>Core</Filter>
    </ClCompile>
    <ClCompile Include="Event\Keyboard.cpp">
      <Filter>Event</Filter>
    </ClCompile>
    <ClCompile Include="Event\Mouse.cpp">
      <Filter>Event</Filter>
    </ClCompile>
    <ClCompile Include="Geometry\Mesh.cpp">
      <Filter>Geometry</Filter>
    </ClCompile>
    <ClCompile Include="Geometry\MeshGenerator\MeshGenerator.cpp">
      <Filter>Geometry\MeshGenerator</Filter>
    </ClCompile>
    <ClCompile Include="HydPch.cpp" />
    <ClCompile Include="Log\Log.cpp">
      <Filter>Log</Filter>
    </ClCompile>
    <ClCompile Include="Render\Material\Image.cpp">
      <Filter>Render\Material</Filter>
    </ClCompile>
    <ClCompile Include="Render\Material\Material.cpp">
      <Filter>Render\Material</Filter>
    </ClCompile>
    <ClCompile Include="Render\Platform\OpenGL\GLShader.cpp">
      <Filter>Render\Platform\OpenGL</Filter>
    </ClCompile>
    <ClCompile Include="Render\Platform\OpenGL\GLTextures.cpp">
      <Filter>Render\Platform\OpenGL</Filter>
    </ClCompile>
    <ClCompile Include="Render\Platform\OpenGL\GLVertexArray.cpp">
      <Filter>Render\Platform\OpenGL</Filter>
    </ClCompile>
    <ClCompile Include="Render\Renderer.cpp">
      <Filter>Render</Filter>
    </ClCompile>
    <ClCompile Include="Timer\Timer.cpp">
      <Filter>Timer</Filter>
    </ClCompile>
    <ClCompile Include="UI\GuiWindow.cpp">
      <Filter>UI</Filter>
    </ClCompile>
    <ClCompile Include="UI\UICore.cpp">
      <Filter>UI</Filter>
    </ClCompile>
    <ClCompile Include="VecMath\Math.cpp">
      <Filter>VecMath</Filter>
    </ClCompile>
    <ClCompile Include="VecMath\Quaternion.cpp">
      <Filter>VecMath</Filter>
    </ClCompile>
    <ClCompile Include="VecMath\Transform\Transformation.cpp">
      <Filter>VecMath\Transform</Filter>
    </ClCompile>
    <ClCompile Include="VecMath\Vector\VecMath.cpp">
      <Filter>VecMath\Vector</Filter>
    </ClCompile>
    <ClCompile Include="Window\Window.cpp">
      <Filter>Window</Filter>
    </ClCompile>
    <ClCompile Include="Render\BufferImpl.cpp" />
    <ClCompile Include="Render\Platform\OpenGL\GLVertexBuffer.cpp">
      <Filter>Render\Platform\OpenGL\GLBuffers</Filter>
    </ClCompile>
    <ClCompile Include="Render\Platform\OpenGL\GLElementBuffer.cpp">
      <Filter>Render\Platform\OpenGL\GLBuffers</Filter>
    </ClCompile>
    <ClCompile Include="Render\ShaderPool.cpp">
      <Filter>Render\RenderPool</Filter>
    </ClCompile>
    <ClCompile Include="Render\Material\Texture.cpp">
      <Filter>Render\Material\Textures</Filter>
    </ClCompile>
  </ItemGroup>
</Project>