<?xml version="1.0" encoding="utf-8"?>
<Project ToolsVersion="4.0" xmlns="http://schemas.microsoft.com/developer/msbuild/2003">
  <ItemGroup>
    <Filter Include="Hydrogen">
      <UniqueIdentifier>{854A0F42-7117-6A4D-9A30-58F5865C9FDB}</UniqueIdentifier>
    </Filter>
    <Filter Include="Hydrogen\Source">
      <UniqueIdentifier>{E5B0932C-513C-01F1-5A4D-84E5C6575DF1}</UniqueIdentifier>
    </Filter>
    <Filter Include="Hydrogen\Source\VecMath">
      <UniqueIdentifier>{9CAA7FFF-08E2-C796-11EC-2BBA7DA2EE8F}</UniqueIdentifier>
    </Filter>
    <Filter Include="Hydrogen\Source\VecMath\Matrix">
      <UniqueIdentifier>{C05AC546-AC80-8FAD-95C6-1479818BB479}</UniqueIdentifier>
    </Filter>
    <Filter Include="Hydrogen\Source\VecMath\Matrix\Predefined">
      <UniqueIdentifier>{A50E7F80-1129-E221-5A4B-F2B5C6A40929}</UniqueIdentifier>
    </Filter>
    <Filter Include="Hydrogen\Source\VecMath\Matrix\Predefined\Mat2">
      <UniqueIdentifier>{686279D4-54E0-C96D-3DD8-870529F50B96}</UniqueIdentifier>
    </Filter>
    <Filter Include="Hydrogen\Source\VecMath\Matrix\Predefined\Mat3">
      <UniqueIdentifier>{696279D4-55E0-C96D-3ED8-87052AF50B96}</UniqueIdentifier>
    </Filter>
    <Filter Include="Hydrogen\Source\VecMath\Matrix\Predefined\Mat4">
      <UniqueIdentifier>{6A6279D4-56E0-C96D-3FD8-87052BF50B96}</UniqueIdentifier>
    </Filter>
    <Filter Include="Hydrogen\Source\VecMath\Vector">
      <UniqueIdentifier>{3EE1025C-2A07-CDC2-134D-528EFF11F28E}</UniqueIdentifier>
    </Filter>
  </ItemGroup>
  <ItemGroup>
    <ClInclude Include="..\..\Hydrogen\Source\VecMath\Math.h">
      <Filter>Hydrogen\Source\VecMath</Filter>
    </ClInclude>
    <ClInclude Include="..\..\Hydrogen\Source\VecMath\Matrix\Matrix.h">
      <Filter>Hydrogen\Source\VecMath\Matrix</Filter>
    </ClInclude>
    <ClInclude Include="..\..\Hydrogen\Source\VecMath\Matrix\Predefined\Mat2\Mat2.h">
      <Filter>Hydrogen\Source\VecMath\Matrix\Predefined\Mat2</Filter>
    </ClInclude>
    <ClInclude Include="..\..\Hydrogen\Source\VecMath\Matrix\Predefined\Mat3\Mat3.h">
      <Filter>Hydrogen\Source\VecMath\Matrix\Predefined\Mat3</Filter>
    </ClInclude>
    <ClInclude Include="..\..\Hydrogen\Source\VecMath\Matrix\Predefined\Mat4\Mat4.h">
      <Filter>Hydrogen\Source\VecMath\Matrix\Predefined\Mat4</Filter>
    </ClInclude>
    <ClInclude Include="..\..\Hydrogen\Source\VecMath\Rotate.h">
      <Filter>Hydrogen\Source\VecMath</Filter>
    </ClInclude>
    <ClInclude Include="..\..\Hydrogen\Source\VecMath\Transformation.h">
      <Filter>Hydrogen\Source\VecMath</Filter>
    </ClInclude>
    <ClInclude Include="..\..\Hydrogen\Source\VecMath\Vector\VectorDef.h">
      <Filter>Hydrogen\Source\VecMath\Vector</Filter>
    </ClInclude>
  </ItemGroup>
  <ItemGroup>
    <ClCompile Include="..\..\Hydrogen\Source\VecMath\Math.cpp">
      <Filter>Hydrogen\Source\VecMath</Filter>
    </ClCompile>
    <ClCompile Include="..\..\Hydrogen\Source\VecMath\Matrix\Matrix.cpp">
      <Filter>Hydrogen\Source\VecMath\Matrix</Filter>
    </ClCompile>
    <ClCompile Include="..\..\Hydrogen\Source\VecMath\Matrix\Predefined\Mat2\Mat2.cpp">
      <Filter>Hydrogen\Source\VecMath\Matrix\Predefined\Mat2</Filter>
    </ClCompile>
    <ClCompile Include="..\..\Hydrogen\Source\VecMath\Matrix\Predefined\Mat3\Mat3.cpp">
      <Filter>Hydrogen\Source\VecMath\Matrix\Predefined\Mat3</Filter>
    </ClCompile>
    <ClCompile Include="..\..\Hydrogen\Source\VecMath\Matrix\Predefined\Mat4\Mat4.cpp">
      <Filter>Hydrogen\Source\VecMath\Matrix\Predefined\Mat4</Filter>
    </ClCompile>
    <ClCompile Include="..\..\Hydrogen\Source\VecMath\Transformation.cpp">
      <Filter>Hydrogen\Source\VecMath</Filter>
    </ClCompile>
    <ClCompile Include="VecMath.cpp" />
  </ItemGroup>
</Project>