<?xml version="1.0" encoding="utf-8"?>
<Project ToolsVersion="4.0" xmlns="http://schemas.microsoft.com/developer/msbuild/2003">
  <ItemGroup>
    <Filter Include="Hydrogen">
      <UniqueIdentifier>{854A0F42-7117-6A4D-9A30-58F5865C9FDB}</UniqueIdentifier>
    </Filter>
    <Filter Include="Hydrogen\Source">
      <UniqueIdentifier>{E5B0932C-513C-01F1-5A4D-84E5C6575DF1}</UniqueIdentifier>
    </Filter>
    <Filter Include="Hydrogen\Source\Core">
      <UniqueIdentifier>{5D2C08A6-49BB-916F-F2D9-A56ADE47A215}</UniqueIdentifier>
    </Filter>
  </ItemGroup>
  <ItemGroup>
    <ClInclude Include="..\..\Hydrogen\Source\Core\ResourcePool.h">
      <Filter>Hydrogen\Source\Core</Filter>
    </ClInclude>
    <ClInclude Include="TestObject.h">
      <Filter>Hydrogen</Filter>
    </ClInclude>
  </ItemGroup>
  <ItemGroup>
    <ClCompile Include="pool_test.cpp" />
  </ItemGroup>
</Project>